
Microsoft Visual Studio Solution File, Format Version 12.00
# Visual Studio Version 17
VisualStudioVersion = 17.13.35931.197
MinimumVisualStudioVersion = 10.0.40219.1
Project("{FAE04EC0-301F-11D3-BF4B-00C04F79EFBC}") = "Student Management System", "Student Management System\Student Management System.csproj", "{0289BC43-FB49-48A5-9080-3F414C7DFCD4}"
EndProject
Project("{FAE04EC0-301F-11D3-BF4B-00C04F79EFBC}") = "FantacyFootball", "D5\FantacyFootball\FantacyFootball.csproj", "{109DC4E7-D292-4FA5-B2A8-FDAB75E3B681}"
EndProject
Project("{FAE04EC0-301F-11D3-BF4B-00C04F79EFBC}") = "Library Management System", "D5\Library Management System\Library Management System.csproj", "{C1F597AE-2E51-4EA8-85D4-961FADFFDCCC}"
EndProject
Project("{FAE04EC0-301F-11D3-BF4B-00C04F79EFBC}") = "Challage 3", "D5\Challage 3\Challage 3.csproj", "{F6D6A551-5DC8-4BA2-BB24-1D635AB4FFB1}"
EndProject
Project("{FAE04EC0-301F-11D3-BF4B-00C04F79EFBC}") = "Challenge 6.1", "D6\Challenge 6.1\Challenge 6.1.csproj", "{EDDD3D22-66AE-457C-97D8-C38AF4677CF4}"
EndProject
Project("{FAE04EC0-301F-11D3-BF4B-00C04F79EFBC}") = "Challenge 6.2", "D6\Challenge 6.2\Challenge 6.2.csproj", "{B8BF7EB0-8BA1-48E4-83BA-10115174E8E4}"
EndProject
Project("{FAE04EC0-301F-11D3-BF4B-00C04F79EFBC}") = "Challenge 6.3", "D6\Challenge 6.3\Challenge 6.3.csproj", "{669C3F6C-2FC0-4DAF-9DBF-774590855C79}"
EndProject
Project("{FAE04EC0-301F-11D3-BF4B-00C04F79EFBC}") = "Challenge 9.1", "Challenge 9.1\Challenge 9.1.csproj", "{62FC2F17-C5AB-4DE5-917C-3727F2E181D6}"
EndProject
Project("{FAE04EC0-301F-11D3-BF4B-00C04F79EFBC}") = "Challenge 10.1", "Challenge 10.1\Challenge 10.1.csproj", "{571DECB3-6119-42A9-8C79-02755BB4E493}"
EndProject
Project("{FAE04EC0-301F-11D3-BF4B-00C04F79EFBC}") = "P01_StudentSystem", "Assignment 7\P01_StudentSystem\P01_StudentSystem.csproj", "{CBC861C6-E164-4A7A-ADAF-3FAEEE0B837D}"
EndProject
Project("{FAE04EC0-301F-11D3-BF4B-00C04F79EFBC}") = "P02_SalesDatabase", "Assignment 7\P02_SalesDatabase\P02_SalesDatabase.csproj", "{29739ED0-7B19-4D18-BDC6-079E3DF9935A}"
EndProject
Project("{FAE04EC0-301F-11D3-BF4B-00C04F79EFBC}") = "LINQ_Task", "Assignment 8\LINQ_Task\LINQ_Task.csproj", "{4BF03813-27BD-4B9C-A2C8-8B3AA7A48A07}"
EndProject
Global
	GlobalSection(SolutionConfigurationPlatforms) = preSolution
		Debug|Any CPU = Debug|Any CPU
		Release|Any CPU = Release|Any CPU
	EndGlobalSection
	GlobalSection(ProjectConfigurationPlatforms) = postSolution
		{0289BC43-FB49-48A5-9080-3F414C7DFCD4}.Debug|Any CPU.ActiveCfg = Debug|Any CPU
		{0289BC43-FB49-48A5-9080-3F414C7DFCD4}.Debug|Any CPU.Build.0 = Debug|Any CPU
		{0289BC43-FB49-48A5-9080-3F414C7DFCD4}.Release|Any CPU.ActiveCfg = Release|Any CPU
		{0289BC43-FB49-48A5-9080-3F414C7DFCD4}.Release|Any CPU.Build.0 = Release|Any CPU
		{109DC4E7-D292-4FA5-B2A8-FDAB75E3B681}.Debug|Any CPU.ActiveCfg = Debug|Any CPU
		{109DC4E7-D292-4FA5-B2A8-FDAB75E3B681}.Debug|Any CPU.Build.0 = Debug|Any CPU
		{109DC4E7-D292-4FA5-B2A8-FDAB75E3B681}.Release|Any CPU.ActiveCfg = Release|Any CPU
		{109DC4E7-D292-4FA5-B2A8-FDAB75E3B681}.Release|Any CPU.Build.0 = Release|Any CPU
		{C1F597AE-2E51-4EA8-85D4-961FADFFDCCC}.Debug|Any CPU.ActiveCfg = Debug|Any CPU
		{C1F597AE-2E51-4EA8-85D4-961FADFFDCCC}.Debug|Any CPU.Build.0 = Debug|Any CPU
		{C1F597AE-2E51-4EA8-85D4-961FADFFDCCC}.Release|Any CPU.ActiveCfg = Release|Any CPU
		{C1F597AE-2E51-4EA8-85D4-961FADFFDCCC}.Release|Any CPU.Build.0 = Release|Any CPU
		{F6D6A551-5DC8-4BA2-BB24-1D635AB4FFB1}.Debug|Any CPU.ActiveCfg = Debug|Any CPU
		{F6D6A551-5DC8-4BA2-BB24-1D635AB4FFB1}.Debug|Any CPU.Build.0 = Debug|Any CPU
		{F6D6A551-5DC8-4BA2-BB24-1D635AB4FFB1}.Release|Any CPU.ActiveCfg = Release|Any CPU
		{F6D6A551-5DC8-4BA2-BB24-1D635AB4FFB1}.Release|Any CPU.Build.0 = Release|Any CPU
		{EDDD3D22-66AE-457C-97D8-C38AF4677CF4}.Debug|Any CPU.ActiveCfg = Debug|Any CPU
		{EDDD3D22-66AE-457C-97D8-C38AF4677CF4}.Debug|Any CPU.Build.0 = Debug|Any CPU
		{EDDD3D22-66AE-457C-97D8-C38AF4677CF4}.Release|Any CPU.ActiveCfg = Release|Any CPU
		{EDDD3D22-66AE-457C-97D8-C38AF4677CF4}.Release|Any CPU.Build.0 = Release|Any CPU
		{B8BF7EB0-8BA1-48E4-83BA-10115174E8E4}.Debug|Any CPU.ActiveCfg = Debug|Any CPU
		{B8BF7EB0-8BA1-48E4-83BA-10115174E8E4}.Debug|Any CPU.Build.0 = Debug|Any CPU
		{B8BF7EB0-8BA1-48E4-83BA-10115174E8E4}.Release|Any CPU.ActiveCfg = Release|Any CPU
		{B8BF7EB0-8BA1-48E4-83BA-10115174E8E4}.Release|Any CPU.Build.0 = Release|Any CPU
		{669C3F6C-2FC0-4DAF-9DBF-774590855C79}.Debug|Any CPU.ActiveCfg = Debug|Any CPU
		{669C3F6C-2FC0-4DAF-9DBF-774590855C79}.Debug|Any CPU.Build.0 = Debug|Any CPU
		{669C3F6C-2FC0-4DAF-9DBF-774590855C79}.Release|Any CPU.ActiveCfg = Release|Any CPU
		{669C3F6C-2FC0-4DAF-9DBF-774590855C79}.Release|Any CPU.Build.0 = Release|Any CPU
		{62FC2F17-C5AB-4DE5-917C-3727F2E181D6}.Debug|Any CPU.ActiveCfg = Debug|Any CPU
		{62FC2F17-C5AB-4DE5-917C-3727F2E181D6}.Debug|Any CPU.Build.0 = Debug|Any CPU
		{62FC2F17-C5AB-4DE5-917C-3727F2E181D6}.Release|Any CPU.ActiveCfg = Release|Any CPU
		{62FC2F17-C5AB-4DE5-917C-3727F2E181D6}.Release|Any CPU.Build.0 = Release|Any CPU
		{571DECB3-6119-42A9-8C79-02755BB4E493}.Debug|Any CPU.ActiveCfg = Debug|Any CPU
		{571DECB3-6119-42A9-8C79-02755BB4E493}.Debug|Any CPU.Build.0 = Debug|Any CPU
		{571DECB3-6119-42A9-8C79-02755BB4E493}.Release|Any CPU.ActiveCfg = Release|Any CPU
		{571DECB3-6119-42A9-8C79-02755BB4E493}.Release|Any CPU.Build.0 = Release|Any CPU
		{CBC861C6-E164-4A7A-ADAF-3FAEEE0B837D}.Debug|Any CPU.ActiveCfg = Debug|Any CPU
		{CBC861C6-E164-4A7A-ADAF-3FAEEE0B837D}.Debug|Any CPU.Build.0 = Debug|Any CPU
		{CBC861C6-E164-4A7A-ADAF-3FAEEE0B837D}.Release|Any CPU.ActiveCfg = Release|Any CPU
		{CBC861C6-E164-4A7A-ADAF-3FAEEE0B837D}.Release|Any CPU.Build.0 = Release|Any CPU
		{29739ED0-7B19-4D18-BDC6-079E3DF9935A}.Debug|Any CPU.ActiveCfg = Debug|Any CPU
		{29739ED0-7B19-4D18-BDC6-079E3DF9935A}.Debug|Any CPU.Build.0 = Debug|Any CPU
		{29739ED0-7B19-4D18-BDC6-079E3DF9935A}.Release|Any CPU.ActiveCfg = Release|Any CPU
		{29739ED0-7B19-4D18-BDC6-079E3DF9935A}.Release|Any CPU.Build.0 = Release|Any CPU
		{4BF03813-27BD-4B9C-A2C8-8B3AA7A48A07}.Debug|Any CPU.ActiveCfg = Debug|Any CPU
		{4BF03813-27BD-4B9C-A2C8-8B3AA7A48A07}.Debug|Any CPU.Build.0 = Debug|Any CPU
		{4BF03813-27BD-4B9C-A2C8-8B3AA7A48A07}.Release|Any CPU.ActiveCfg = Release|Any CPU
		{4BF03813-27BD-4B9C-A2C8-8B3AA7A48A07}.Release|Any CPU.Build.0 = Release|Any CPU
	EndGlobalSection
	GlobalSection(SolutionProperties) = preSolution
		HideSolutionNode = FALSE
	EndGlobalSection
	GlobalSection(ExtensibilityGlobals) = postSolution
		SolutionGuid = {7F966292-6392-4B22-A047-F7D8E5C538FB}
	EndGlobalSection
EndGlobal
